{
  "version": "3",
  "packages": {
    "specifiers": {
      "jsr:@cliffy/command@1.0.0-rc.4": "jsr:@cliffy/command@1.0.0-rc.4",
      "jsr:@cliffy/flags@1.0.0-rc.4": "jsr:@cliffy/flags@1.0.0-rc.4",
      "jsr:@cliffy/table@1.0.0-rc.4": "jsr:@cliffy/table@1.0.0-rc.4",
      "jsr:@nfnitloop/better-iterators@1.5.0": "jsr:@nfnitloop/better-iterators@1.5.0",
      "jsr:@nick/dispose": "jsr:@nick/dispose@1.1.0",
      "jsr:@nick/dispose@1": "jsr:@nick/dispose@1.1.0",
      "jsr:@nostr/tools@2.3.1": "jsr:@nostr/tools@2.3.1",
      "jsr:@std/assert@^0.219.1": "jsr:@std/assert@0.219.1",
      "jsr:@std/assert@^0.221.0": "jsr:@std/assert@0.221.0",
      "jsr:@std/assert@^0.222.1": "jsr:@std/assert@0.222.1",
      "jsr:@std/assert@^0.224.0": "jsr:@std/assert@0.224.0",
      "jsr:@std/async@0.222.1": "jsr:@std/async@0.222.1",
      "jsr:@std/bytes@^0.221.0": "jsr:@std/bytes@0.221.0",
      "jsr:@std/bytes@^0.224.0": "jsr:@std/bytes@0.224.0",
      "jsr:@std/collections@^0.220.1": "jsr:@std/collections@0.220.1",
      "jsr:@std/collections@^0.224.0": "jsr:@std/collections@0.224.1",
      "jsr:@std/console@0.221": "jsr:@std/console@0.221.0",
      "jsr:@std/crypto@0.222.1": "jsr:@std/crypto@0.222.1",
      "jsr:@std/encoding@0.222.1": "jsr:@std/encoding@0.222.1",
      "jsr:@std/encoding@^0.219.1": "jsr:@std/encoding@0.219.1",
      "jsr:@std/encoding@^0.221.0": "jsr:@std/encoding@0.221.0",
      "jsr:@std/encoding@^0.222.1": "jsr:@std/encoding@0.222.1",
      "jsr:@std/fmt": "jsr:@std/fmt@0.222.1",
      "jsr:@std/fmt@0.221": "jsr:@std/fmt@0.221.0",
      "jsr:@std/fmt@0.222.1": "jsr:@std/fmt@0.222.1",
      "jsr:@std/fmt@^0.219.1": "jsr:@std/fmt@0.219.1",
      "jsr:@std/fmt@^0.224.0": "jsr:@std/fmt@0.224.0",
      "jsr:@std/io": "jsr:@std/io@0.221.0",
      "jsr:@std/io@0.224.0": "jsr:@std/io@0.224.0",
      "jsr:@std/media-types": "jsr:@std/media-types@0.221.0",
      "jsr:@std/media-types@0.224.0": "jsr:@std/media-types@0.224.0",
      "jsr:@std/path": "jsr:@std/path@0.221.0",
      "jsr:@std/path@0.224.0": "jsr:@std/path@0.224.0",
      "jsr:@std/text@0.221": "jsr:@std/text@0.221.0",
      "jsr:@std/toml": "jsr:@std/toml@0.220.1",
      "jsr:@std/toml@0.224.0": "jsr:@std/toml@0.224.0",
      "npm:@noble/ciphers@^0.5.1": "npm:@noble/ciphers@0.5.2",
      "npm:@noble/curves@1.2.0": "npm:@noble/curves@1.2.0",
      "npm:@noble/hashes@1.3.1": "npm:@noble/hashes@1.3.1",
      "npm:@scure/base@1.1.1": "npm:@scure/base@1.1.1",
      "npm:zod@3.22.4": "npm:zod@3.22.4"
    },
    "jsr": {
      "@cliffy/command@1.0.0-rc.4": {
        "integrity": "709884ffe0f53ce3edafa92b58223634397878fbf6dcabe0c74ea0108273b9f7",
        "dependencies": [
          "jsr:@cliffy/flags@1.0.0-rc.4",
          "jsr:@cliffy/table@1.0.0-rc.4",
          "jsr:@std/fmt@0.221",
          "jsr:@std/text@0.221"
        ]
      },
      "@cliffy/flags@1.0.0-rc.4": {
        "integrity": "29f370ade4ddf6e150a4d25fc44661234c19870ffcf7fb07cd100f1843fcd6e1"
      },
      "@cliffy/table@1.0.0-rc.4": {
        "integrity": "990e4e0b3910e6c9cf7a5b4318b8f5e121cf681494c94fd113febb9b4d4c0741",
        "dependencies": [
          "jsr:@std/console@0.221"
        ]
      },
      "@nfnitloop/better-iterators@1.5.0": {
        "integrity": "cf528c1e1494cffb43e17c5752ecd8edd75492f51246440498c1f311d3fb65cb"
      },
      "@nick/dispose@1.1.0": {
        "integrity": "73a15b90cb48e1435801258ba3ac7a19382823349dedcacbb8e5b5b673ce9d17"
      },
      "@nostr/tools@2.3.1": {
        "integrity": "af01dc45cb28784c584d7a0699707196f397bcc53946efa582a01b11ddde4d61",
        "dependencies": [
          "npm:@noble/ciphers@^0.5.1",
          "npm:@noble/curves@1.2.0",
          "npm:@noble/hashes@1.3.1",
          "npm:@scure/base@1.1.1"
        ]
      },
      "@std/assert@0.219.1": {
        "integrity": "e76c2a1799a78f0f4db7de04bdc9b908a7a4b821bb65eda0285885297d4fb8af",
        "dependencies": [
          "jsr:@std/fmt@^0.219.1"
        ]
      },
      "@std/assert@0.221.0": {
        "integrity": "a5f1aa6e7909dbea271754fd4ab3f4e687aeff4873b4cef9a320af813adb489a"
      },
      "@std/assert@0.222.1": {
        "integrity": "691637161ee584a9919d1f9950ddd1272feb8e0a19e83aa5b7563cedaf73d74c"
      },
      "@std/assert@0.224.0": {
        "integrity": "8643233ec7aec38a940a8264a6e3eed9bfa44e7a71cc6b3c8874213ff401967f"
      },
      "@std/async@0.222.1": {
        "integrity": "9584f4612f96e604a7e49dba3caf703c28d3921faa5be7147a78864a93831af6",
        "dependencies": [
          "jsr:@std/assert@^0.222.1"
        ]
      },
      "@std/bytes@0.221.0": {
        "integrity": "64a047011cf833890a4a2ab7293ac55a1b4f5a050624ebc6a0159c357de91966"
      },
      "@std/bytes@0.224.0": {
        "integrity": "a2250e1d0eb7d1c5a426f21267ab9bdeac2447fa87a3d0d1a467d3f7a6058e49"
      },
      "@std/collections@0.220.1": {
        "integrity": "5820a8d7f69ef93af6807249dfa4be5b97ebf8654c587826612744cf7ae57ef2"
      },
      "@std/collections@0.224.1": {
        "integrity": "c003ecb1b89e46440cbe692a0603193ed8496d738310a9a2d51b8f8ed8d97a65"
      },
      "@std/console@0.221.0": {
        "integrity": "8f2afc1f3f14f5d6039c0c767f057e4aa1897d2210e167c4667cb155cafb9d11"
      },
      "@std/crypto@0.222.1": {
        "integrity": "d5b9e6c704fadbcc384cd42c0b603ad4aea710ece0ff26426602681b64fd237c",
        "dependencies": [
          "jsr:@std/assert@^0.222.1",
          "jsr:@std/encoding@^0.222.1"
        ]
      },
      "@std/encoding@0.219.1": {
        "integrity": "77b30e481a596cfb2a8f2f38c3165e6035a4f76a7259bf89b6a622ceaf57d575"
      },
      "@std/encoding@0.221.0": {
        "integrity": "d1dd76ef0dc5d14088411e6dc1dede53bf8308c95d1537df1214c97137208e45"
      },
      "@std/encoding@0.222.1": {
        "integrity": "fb6c1d38722feebc8d4a5efa3eb2039ecec0d50d053186240484d0c4a4ce1006"
      },
      "@std/fmt@0.219.1": {
        "integrity": "2432152e927df249a207177aa048a6d9465956ea0047653ee6abd4f514db504f"
      },
      "@std/fmt@0.221.0": {
        "integrity": "379fed69bdd9731110f26b9085aeb740606b20428ce6af31ef6bd45ef8efa62a"
      },
      "@std/fmt@0.222.1": {
        "integrity": "ec3382f9b0261c1ab1a5c804aa355d816515fa984cdd827ed32edfb187c0a722"
      },
      "@std/fmt@0.224.0": {
        "integrity": "e20e9a2312a8b5393272c26191c0a68eda8d2c4b08b046bad1673148f1d69851"
      },
      "@std/io@0.221.0": {
        "integrity": "faf7f8700d46ab527fa05cc6167f4b97701a06c413024431c6b4d207caa010da",
        "dependencies": [
          "jsr:@std/assert@^0.221.0",
          "jsr:@std/bytes@^0.221.0"
        ]
      },
      "@std/io@0.224.0": {
        "integrity": "0aff885d21d829c050b8a08b1d71b54aed5841aecf227f8d77e99ec529a11e8e",
        "dependencies": [
          "jsr:@std/assert@^0.224.0",
          "jsr:@std/bytes@^0.224.0"
        ]
      },
      "@std/media-types@0.221.0": {
        "integrity": "572addcbda2a21367c1f8eaa8c72fea6654b50779027dbde9f693aaa4bac30c3"
      },
      "@std/media-types@0.224.0": {
        "integrity": "5ac87989393f8cb1c81bee02aef6f5d4c8289b416deabc04f9ad25dff292d0b0"
      },
      "@std/path@0.221.0": {
        "integrity": "0a36f6b17314ef653a3a1649740cc8db51b25a133ecfe838f20b79a56ebe0095",
        "dependencies": [
          "jsr:@std/assert@^0.221.0"
        ]
      },
      "@std/path@0.224.0": {
        "integrity": "55bca6361e5a6d158b9380e82d4981d82d338ec587de02951e2b7c3a24910ee6",
        "dependencies": [
          "jsr:@std/assert@^0.224.0"
        ]
      },
      "@std/text@0.221.0": {
        "integrity": "a2f89ceb0d8851cd33e6774064621a1da9fbc36578cf4f02c5b5bcd7e8c84b67",
        "dependencies": [
          "jsr:@std/assert@^0.221.0"
        ]
      },
      "@std/toml@0.220.1": {
        "integrity": "853ee6bdcd2ec841512a900f55814cd511276c45ff6eccd04f0a7f7fa7d677ba",
        "dependencies": [
          "jsr:@std/collections@^0.220.1"
        ]
      },
      "@std/toml@0.224.0": {
        "integrity": "15a60eb5eac12d8a81a48d99cb1aaed60a21c67dc94c2def696a7c39b815c74f",
        "dependencies": [
          "jsr:@std/collections@^0.224.0"
        ]
      }
    },
    "npm": {
      "@noble/ciphers@0.5.2": {
        "integrity": "sha512-GADtQmZCdgbnNp+daPLc3OY3ibEtGGDV/+CzeM3MFnhiQ7ELQKlsHWYq0YbYUXx4jU3/Y1erAxU6r+hwpewqmQ==",
        "dependencies": {}
      },
      "@noble/curves@1.2.0": {
        "integrity": "sha512-oYclrNgRaM9SsBUBVbb8M6DTV7ZHRTKugureoYEncY5c65HOmRzvSiTE3y5CYaPYJA/GVkrhXEoF0M3Ya9PMnw==",
        "dependencies": {
          "@noble/hashes": "@noble/hashes@1.3.2"
        }
      },
      "@noble/hashes@1.3.1": {
        "integrity": "sha512-EbqwksQwz9xDRGfDST86whPBgM65E0OH/pCgqW0GBVzO22bNE+NuIbeTb714+IfSjU3aRk47EUvXIb5bTsenKA==",
        "dependencies": {}
      },
      "@noble/hashes@1.3.2": {
        "integrity": "sha512-MVC8EAQp7MvEcm30KWENFjgR+Mkmf+D189XJTkFIlwohU5hcBbn1ZkKq7KVTi2Hme3PMGF390DaL52beVrIihQ==",
        "dependencies": {}
      },
      "@scure/base@1.1.1": {
        "integrity": "sha512-ZxOhsSyxYwLJj3pLZCefNitxsj093tb2vq90mp2txoYeBqbcjDjqFhyM8eUjq/uFm6zJ+mUuqxlS2FkuSY1MTA==",
        "dependencies": {}
      },
      "zod@3.22.4": {
        "integrity": "sha512-iC+8Io04lddc+mVqQ9AZ7OQ2MrUKGN+oIQyq1vemgt46jwCwLfhq7/pwnBnNXXXZb8VTVLKwp9EDkx+ryxIWmg==",
        "dependencies": {}
      }
    }
  },
  "remote": {}
}
